
Microsoft Visual Studio Solution File, Format Version 12.00
# Visual Studio Version 17
VisualStudioVersion = 17.4.33122.133
MinimumVisualStudioVersion = 10.0.40219.1
Project("{FAE04EC0-301F-11D3-BF4B-00C04F79EFBC}") = "LineComparisionProblem", "LineComparisionProblem.csproj", "{9F50BF26-FB28-4A26-9493-3A06639D4850}"
EndProject
Global
	GlobalSection(SolutionConfigurationPlatforms) = preSolution
		Debug|Any CPU = Debug|Any CPU
		Release|Any CPU = Release|Any CPU
	EndGlobalSection
	GlobalSection(ProjectConfigurationPlatforms) = postSolution
		{9F50BF26-FB28-4A26-9493-3A06639D4850}.Debug|Any CPU.ActiveCfg = Debug|Any CPU
		{9F50BF26-FB28-4A26-9493-3A06639D4850}.Debug|Any CPU.Build.0 = Debug|Any CPU
		{9F50BF26-FB28-4A26-9493-3A06639D4850}.Release|Any CPU.ActiveCfg = Release|Any CPU
		{9F50BF26-FB28-4A26-9493-3A06639D4850}.Release|Any CPU.Build.0 = Release|Any CPU
	EndGlobalSection
	GlobalSection(SolutionProperties) = preSolution
		HideSolutionNode = FALSE
	EndGlobalSection
	GlobalSection(ExtensibilityGlobals) = postSolution
		SolutionGuid = {26205955-E681-47B7-A3C0-69CD42FC5BD9}
	EndGlobalSection
EndGlobal
